
Microsoft Visual Studio Solution File, Format Version 12.00
# Visual Studio Version 17
VisualStudioVersion = 17.7.34024.191
MinimumVisualStudioVersion = 10.0.40219.1
Project("{9A19103F-16F7-4668-BE54-9A1E7A4F7556}") = "NetGet.WinUI", "NetGet.WinUI\NetGet.WinUI.csproj", "{DEE947ED-5C6B-4EA8-8775-49640FEA6854}"
EndProject
Project("{9A19103F-16F7-4668-BE54-9A1E7A4F7556}") = "NetGet.Core", "NetGet.Core\NetGet.Core.csproj", "{3213476F-3E6E-48E0-A5C1-1D72D68F6BB6}"
EndProject
Global
	GlobalSection(SolutionConfigurationPlatforms) = preSolution
		Debug|Any CPU = Debug|Any CPU
		Debug|arm64 = Debug|arm64
		Debug|x64 = Debug|x64
		Debug|x86 = Debug|x86
		Release|Any CPU = Release|Any CPU
		Release|arm64 = Release|arm64
		Release|x64 = Release|x64
		Release|x86 = Release|x86
	EndGlobalSection
	GlobalSection(ProjectConfigurationPlatforms) = postSolution
		{DEE947ED-5C6B-4EA8-8775-49640FEA6854}.Debug|Any CPU.ActiveCfg = Debug|x64
		{DEE947ED-5C6B-4EA8-8775-49640FEA6854}.Debug|Any CPU.Build.0 = Debug|x64
		{DEE947ED-5C6B-4EA8-8775-49640FEA6854}.Debug|Any CPU.Deploy.0 = Debug|x64
		{DEE947ED-5C6B-4EA8-8775-49640FEA6854}.Debug|arm64.ActiveCfg = Debug|arm64
		{DEE947ED-5C6B-4EA8-8775-49640FEA6854}.Debug|arm64.Build.0 = Debug|arm64
		{DEE947ED-5C6B-4EA8-8775-49640FEA6854}.Debug|arm64.Deploy.0 = Debug|arm64
		{DEE947ED-5C6B-4EA8-8775-49640FEA6854}.Debug|x64.ActiveCfg = Debug|x64
		{DEE947ED-5C6B-4EA8-8775-49640FEA6854}.Debug|x64.Build.0 = Debug|x64
		{DEE947ED-5C6B-4EA8-8775-49640FEA6854}.Debug|x64.Deploy.0 = Debug|x64
		{DEE947ED-5C6B-4EA8-8775-49640FEA6854}.Debug|x86.ActiveCfg = Debug|x86
		{DEE947ED-5C6B-4EA8-8775-49640FEA6854}.Debug|x86.Build.0 = Debug|x86
		{DEE947ED-5C6B-4EA8-8775-49640FEA6854}.Debug|x86.Deploy.0 = Debug|x86
		{DEE947ED-5C6B-4EA8-8775-49640FEA6854}.Release|Any CPU.ActiveCfg = Release|x64
		{DEE947ED-5C6B-4EA8-8775-49640FEA6854}.Release|Any CPU.Build.0 = Release|x64
		{DEE947ED-5C6B-4EA8-8775-49640FEA6854}.Release|Any CPU.Deploy.0 = Release|x64
		{DEE947ED-5C6B-4EA8-8775-49640FEA6854}.Release|arm64.ActiveCfg = Release|arm64
		{DEE947ED-5C6B-4EA8-8775-49640FEA6854}.Release|arm64.Build.0 = Release|arm64
		{DEE947ED-5C6B-4EA8-8775-49640FEA6854}.Release|arm64.Deploy.0 = Release|arm64
		{DEE947ED-5C6B-4EA8-8775-49640FEA6854}.Release|x64.ActiveCfg = Release|x64
		{DEE947ED-5C6B-4EA8-8775-49640FEA6854}.Release|x64.Build.0 = Release|x64
		{DEE947ED-5C6B-4EA8-8775-49640FEA6854}.Release|x64.Deploy.0 = Release|x64
		{DEE947ED-5C6B-4EA8-8775-49640FEA6854}.Release|x86.ActiveCfg = Release|x86
		{DEE947ED-5C6B-4EA8-8775-49640FEA6854}.Release|x86.Build.0 = Release|x86
		{DEE947ED-5C6B-4EA8-8775-49640FEA6854}.Release|x86.Deploy.0 = Release|x86
		{3213476F-3E6E-48E0-A5C1-1D72D68F6BB6}.Debug|Any CPU.ActiveCfg = Debug|Any CPU
		{3213476F-3E6E-48E0-A5C1-1D72D68F6BB6}.Debug|Any CPU.Build.0 = Debug|Any CPU
		{3213476F-3E6E-48E0-A5C1-1D72D68F6BB6}.Debug|arm64.ActiveCfg = Debug|arm64
		{3213476F-3E6E-48E0-A5C1-1D72D68F6BB6}.Debug|arm64.Build.0 = Debug|arm64
		{3213476F-3E6E-48E0-A5C1-1D72D68F6BB6}.Debug|x64.ActiveCfg = Debug|x64
		{3213476F-3E6E-48E0-A5C1-1D72D68F6BB6}.Debug|x64.Build.0 = Debug|x64
		{3213476F-3E6E-48E0-A5C1-1D72D68F6BB6}.Debug|x86.ActiveCfg = Debug|x86
		{3213476F-3E6E-48E0-A5C1-1D72D68F6BB6}.Debug|x86.Build.0 = Debug|x86
		{3213476F-3E6E-48E0-A5C1-1D72D68F6BB6}.Release|Any CPU.ActiveCfg = Release|Any CPU
		{3213476F-3E6E-48E0-A5C1-1D72D68F6BB6}.Release|Any CPU.Build.0 = Release|Any CPU
		{3213476F-3E6E-48E0-A5C1-1D72D68F6BB6}.Release|arm64.ActiveCfg = Release|arm64
		{3213476F-3E6E-48E0-A5C1-1D72D68F6BB6}.Release|arm64.Build.0 = Release|arm64
		{3213476F-3E6E-48E0-A5C1-1D72D68F6BB6}.Release|x64.ActiveCfg = Release|x64
		{3213476F-3E6E-48E0-A5C1-1D72D68F6BB6}.Release|x64.Build.0 = Release|x64
		{3213476F-3E6E-48E0-A5C1-1D72D68F6BB6}.Release|x86.ActiveCfg = Release|x86
		{3213476F-3E6E-48E0-A5C1-1D72D68F6BB6}.Release|x86.Build.0 = Release|x86
	EndGlobalSection
	GlobalSection(SolutionProperties) = preSolution
		HideSolutionNode = FALSE
	EndGlobalSection
	GlobalSection(ExtensibilityGlobals) = postSolution
		SolutionGuid = {E0F7CF0A-D9CB-4235-95DD-413E4AFDB997}
	EndGlobalSection
EndGlobal
